
Microsoft Visual Studio Solution File, Format Version 12.00
# Visual Studio 15
VisualStudioVersion = 15.0.28307.572
MinimumVisualStudioVersion = 10.0.40219.1
Project("{2150E333-8FDC-42A3-9474-1A3956D46DE8}") = "YoutubeAPICsharp", "YoutubeAPICsharp", "{A3DB3FC4-4A3A-4DEB-AA73-7910D66996B2}"
EndProject
Global
	GlobalSection(SolutionProperties) = preSolution
		HideSolutionNode = FALSE
	EndGlobalSection
	GlobalSection(ExtensibilityGlobals) = postSolution
		SolutionGuid = {E7AC782C-4949-4A66-A8B3-C4026605692D}
	EndGlobalSection
EndGlobal
